
Microsoft Visual Studio Solution File, Format Version 12.00
# Visual Studio 2012
Project("{FAE04EC0-301F-11D3-BF4B-00C04F79EFBC}") = "Example14_CS", "Example14_CS\Example14_CS.csproj", "{F64628D0-535F-4173-A299-2EA805C9F529}"
EndProject
Global
	GlobalSection(SolutionConfigurationPlatforms) = preSolution
		Debug|Any CPU = Debug|Any CPU
		Release|Any CPU = Release|Any CPU
	EndGlobalSection
	GlobalSection(ProjectConfigurationPlatforms) = postSolution
		{F64628D0-535F-4173-A299-2EA805C9F529}.Debug|Any CPU.ActiveCfg = Debug|Any CPU
		{F64628D0-535F-4173-A299-2EA805C9F529}.Debug|Any CPU.Build.0 = Debug|Any CPU
		{F64628D0-535F-4173-A299-2EA805C9F529}.Release|Any CPU.ActiveCfg = Release|Any CPU
		{F64628D0-535F-4173-A299-2EA805C9F529}.Release|Any CPU.Build.0 = Release|Any CPU
	EndGlobalSection
	GlobalSection(SolutionProperties) = preSolution
		HideSolutionNode = FALSE
	EndGlobalSection
EndGlobal
